{
  "name": "wasgen",
  "version": "0.11.0",
  "lockfileVersion": 1,
  "requires": true,
  "dependencies": {
    "param-enveloper": {
      "version": "0.1.0",
      "resolved": "https://registry.npmjs.org/param-enveloper/-/param-enveloper-0.1.0.tgz",
      "integrity": "sha512-fPFQaxBnKJgwYavuzZ508iG5/fUXMJRuq65ckj+zrVPNjru7Jp504sj2AznDVW4jKWFZqbrn0cdu5xvvyeOtFQ=="
    },
    "webaudio-viz": {
      "version": "0.2.0",
      "resolved": "https://registry.npmjs.org/webaudio-viz/-/webaudio-viz-0.2.0.tgz",
      "integrity": "sha512-cxjDu4+OLHr9i5f7YdI+uRvHixamtPGU/zJRZ9UEQSgcEMcsCdPTdoCyIlZ6gsxqtcAqXvWp6yUcNOIRuXB/5Q==",
      "dev": true
    }
  }
}
