{
  "name": "wasgen",
  "version": "0.17.4",
  "lockfileVersion": 2,
  "requires": true,
  "packages": {
    "": {
      "version": "0.17.4",
      "license": "ISC",
      "dependencies": {
        "param-enveloper": "^0.3.0"
      },
      "devDependencies": {
        "audiobuffer-to-wav": "^1.0.0",
        "webaudio-viz": "0.2.0"
      }
    },
    "node_modules/audiobuffer-to-wav": {
      "version": "1.0.0",
      "resolved": "https://registry.npmjs.org/audiobuffer-to-wav/-/audiobuffer-to-wav-1.0.0.tgz",
      "integrity": "sha1-1bQyJxRV5/7laxEc0PjWINf54QU=",
      "dev": true
    },
    "node_modules/param-enveloper": {
      "version": "0.3.0",
      "resolved": "https://registry.npmjs.org/param-enveloper/-/param-enveloper-0.3.0.tgz",
      "integrity": "sha512-m6bijy1QhP5xctlcD4BVM+QCKeu3LaHdnP5fYj56J91s28jtF2Y7c+YExVBFxAyb/LO0sfCK95Ugt69E0ea/5w=="
    },
    "node_modules/webaudio-viz": {
      "version": "0.2.0",
      "resolved": "https://registry.npmjs.org/webaudio-viz/-/webaudio-viz-0.2.0.tgz",
      "integrity": "sha512-cxjDu4+OLHr9i5f7YdI+uRvHixamtPGU/zJRZ9UEQSgcEMcsCdPTdoCyIlZ6gsxqtcAqXvWp6yUcNOIRuXB/5Q==",
      "dev": true
    }
  },
  "dependencies": {
    "audiobuffer-to-wav": {
      "version": "1.0.0",
      "resolved": "https://registry.npmjs.org/audiobuffer-to-wav/-/audiobuffer-to-wav-1.0.0.tgz",
      "integrity": "sha1-1bQyJxRV5/7laxEc0PjWINf54QU=",
      "dev": true
    },
    "param-enveloper": {
      "version": "0.3.0",
      "resolved": "https://registry.npmjs.org/param-enveloper/-/param-enveloper-0.3.0.tgz",
      "integrity": "sha512-m6bijy1QhP5xctlcD4BVM+QCKeu3LaHdnP5fYj56J91s28jtF2Y7c+YExVBFxAyb/LO0sfCK95Ugt69E0ea/5w=="
    },
    "webaudio-viz": {
      "version": "0.2.0",
      "resolved": "https://registry.npmjs.org/webaudio-viz/-/webaudio-viz-0.2.0.tgz",
      "integrity": "sha512-cxjDu4+OLHr9i5f7YdI+uRvHixamtPGU/zJRZ9UEQSgcEMcsCdPTdoCyIlZ6gsxqtcAqXvWp6yUcNOIRuXB/5Q==",
      "dev": true
    }
  }
}
